// !$*UTF8*$!
{
	archiveVersion = 1;
	classes = {
	};
	objectVersion = 55;
	objects = {

/* Begin PBXBuildFile section */
		BAB0FABE28536E2D00D79D9E /* AppDelegate.swift in Sources */ = {isa = PBXBuildFile; fileRef = BAB0FABD28536E2D00D79D9E /* AppDelegate.swift */; };
		BAB0FAC028536E2D00D79D9E /* SceneDelegate.swift in Sources */ = {isa = PBXBuildFile; fileRef = BAB0FABF28536E2D00D79D9E /* SceneDelegate.swift */; };
		BAB0FAC528536E2D00D79D9E /* Main.storyboard in Resources */ = {isa = PBXBuildFile; fileRef = BAB0FAC328536E2D00D79D9E /* Main.storyboard */; };
		BAB0FAC728536E2E00D79D9E /* Assets.xcassets in Resources */ = {isa = PBXBuildFile; fileRef = BAB0FAC628536E2E00D79D9E /* Assets.xcassets */; };
		BAB0FACA28536E2E00D79D9E /* LaunchScreen.storyboard in Resources */ = {isa = PBXBuildFile; fileRef = BAB0FAC828536E2E00D79D9E /* LaunchScreen.storyboard */; };
		BAB0FAD228536E4500D79D9E /* HomeViewController.swift in Sources */ = {isa = PBXBuildFile; fileRef = BAB0FAD128536E4500D79D9E /* HomeViewController.swift */; };
		BAB0FAD428536E5300D79D9E /* Option1ViewController.swift in Sources */ = {isa = PBXBuildFile; fileRef = BAB0FAD328536E5300D79D9E /* Option1ViewController.swift */; };
		BAB0FAD628536E5B00D79D9E /* Option2ViewController.swift in Sources */ = {isa = PBXBuildFile; fileRef = BAB0FAD528536E5B00D79D9E /* Option2ViewController.swift */; };
		BAB0FAD828536E6400D79D9E /* Option3ViewController.swift in Sources */ = {isa = PBXBuildFile; fileRef = BAB0FAD728536E6400D79D9E /* Option3ViewController.swift */; };
		BAB0FADA28536F2B00D79D9E /* OptionBaseViewController.swift in Sources */ = {isa = PBXBuildFile; fileRef = BAB0FAD928536F2B00D79D9E /* OptionBaseViewController.swift */; };
/* End PBXBuildFile section */

/* Begin PBXFileReference section */
		BAB0FABA28536E2D00D79D9E /* ExamenParcial.app */ = {isa = PBXFileReference; explicitFileType = wrapper.application; includeInIndex = 0; path = ExamenParcial.app; sourceTree = BUILT_PRODUCTS_DIR; };
		BAB0FABD28536E2D00D79D9E /* AppDelegate.swift */ = {isa = PBXFileReference; lastKnownFileType = sourcecode.swift; path = AppDelegate.swift; sourceTree = "<group>"; };
		BAB0FABF28536E2D00D79D9E /* SceneDelegate.swift */ = {isa = PBXFileReference; lastKnownFileType = sourcecode.swift; path = SceneDelegate.swift; sourceTree = "<group>"; };
		BAB0FAC428536E2D00D79D9E /* Base */ = {isa = PBXFileReference; lastKnownFileType = file.storyboard; name = Base; path = Base.lproj/Main.storyboard; sourceTree = "<group>"; };
		BAB0FAC628536E2E00D79D9E /* Assets.xcassets */ = {isa = PBXFileReference; lastKnownFileType = folder.assetcatalog; path = Assets.xcassets; sourceTree = "<group>"; };
		BAB0FAC928536E2E00D79D9E /* Base */ = {isa = PBXFileReference; lastKnownFileType = file.storyboard; name = Base; path = Base.lproj/LaunchScreen.storyboard; sourceTree = "<group>"; };
		BAB0FACB28536E2E00D79D9E /* Info.plist */ = {isa = PBXFileReference; lastKnownFileType = text.plist.xml; path = Info.plist; sourceTree = "<group>"; };
		BAB0FAD128536E4500D79D9E /* HomeViewController.swift */ = {isa = PBXFileReference; lastKnownFileType = sourcecode.swift; path = HomeViewController.swift; sourceTree = "<group>"; };
		BAB0FAD328536E5300D79D9E /* Option1ViewController.swift */ = {isa = PBXFileReference; lastKnownFileType = sourcecode.swift; path = Option1ViewController.swift; sourceTree = "<group>"; };
		BAB0FAD528536E5B00D79D9E /* Option2ViewController.swift */ = {isa = PBXFileReference; lastKnownFileType = sourcecode.swift; path = Option2ViewController.swift; sourceTree = "<group>"; };
		BAB0FAD728536E6400D79D9E /* Option3ViewController.swift */ = {isa = PBXFileReference; lastKnownFileType = sourcecode.swift; path = Option3ViewController.swift; sourceTree = "<group>"; };
		BAB0FAD928536F2B00D79D9E /* OptionBaseViewController.swift */ = {isa = PBXFileReference; lastKnownFileType = sourcecode.swift; path = OptionBaseViewController.swift; sourceTree = "<group>"; };
/* End PBXFileReference section */

/* Begin PBXFrameworksBuildPhase section */
		BAB0FAB728536E2D00D79D9E /* Frameworks */ = {
			isa = PBXFrameworksBuildPhase;
			buildActionMask = 2147483647;
			files = (
			);
			runOnlyForDeploymentPostprocessing = 0;
		};
/* End PBXFrameworksBuildPhase section */

/* Begin PBXGroup section */
		BAB0FAB128536E2D00D79D9E = {
			isa = PBXGroup;
			children = (
				BAB0FABC28536E2D00D79D9E /* ExamenParcial */,
				BAB0FABB28536E2D00D79D9E /* Products */,
			);
			sourceTree = "<group>";
		};
		BAB0FABB28536E2D00D79D9E /* Products */ = {
			isa = PBXGroup;
			children = (
				BAB0FABA28536E2D00D79D9E /* ExamenParcial.app */,
			);
			name = Products;
			sourceTree = "<group>";
		};
		BAB0FABC28536E2D00D79D9E /* ExamenParcial */ = {
			isa = PBXGroup;
			children = (
				BAB0FABD28536E2D00D79D9E /* AppDelegate.swift */,
				BAB0FABF28536E2D00D79D9E /* SceneDelegate.swift */,
				BAB0FAC328536E2D00D79D9E /* Main.storyboard */,
				BAB0FAC628536E2E00D79D9E /* Assets.xcassets */,
				BAB0FAC828536E2E00D79D9E /* LaunchScreen.storyboard */,
				BAB0FACB28536E2E00D79D9E /* Info.plist */,
				BAB0FAD128536E4500D79D9E /* HomeViewController.swift */,
				BAB0FAD328536E5300D79D9E /* Option1ViewController.swift */,
				BAB0FAD528536E5B00D79D9E /* Option2ViewController.swift */,
				BAB0FAD728536E6400D79D9E /* Option3ViewController.swift */,
				BAB0FAD928536F2B00D79D9E /* OptionBaseViewController.swift */,
			);
			path = ExamenParcial;
			sourceTree = "<group>";
		};
/* End PBXGroup section */

/* Begin PBXNativeTarget section */
		BAB0FAB928536E2D00D79D9E /* ExamenParcial */ = {
			isa = PBXNativeTarget;
			buildConfigurationList = BAB0FACE28536E2E00D79D9E /* Build configuration list for PBXNativeTarget "ExamenParcial" */;
			buildPhases = (
				BAB0FAB628536E2D00D79D9E /* Sources */,
				BAB0FAB728536E2D00D79D9E /* Frameworks */,
				BAB0FAB828536E2D00D79D9E /* Resources */,
			);
			buildRules = (
			);
			dependencies = (
			);
			name = ExamenParcial;
			productName = ExamenParcial;
			productReference = BAB0FABA28536E2D00D79D9E /* ExamenParcial.app */;
			productType = "com.apple.product-type.application";
		};
/* End PBXNativeTarget section */

/* Begin PBXProject section */
		BAB0FAB228536E2D00D79D9E /* Project object */ = {
			isa = PBXProject;
			attributes = {
				BuildIndependentTargetsInParallel = 1;
				LastSwiftUpdateCheck = 1340;
				LastUpgradeCheck = 1340;
				TargetAttributes = {
					BAB0FAB928536E2D00D79D9E = {
						CreatedOnToolsVersion = 13.4.1;
					};
				};
			};
			buildConfigurationList = BAB0FAB528536E2D00D79D9E /* Build configuration list for PBXProject "ExamenParcial" */;
			compatibilityVersion = "Xcode 13.0";
			developmentRegion = en;
			hasScannedForEncodings = 0;
			knownRegions = (
				en,
				Base,
			);
			mainGroup = BAB0FAB128536E2D00D79D9E;
			productRefGroup = BAB0FABB28536E2D00D79D9E /* Products */;
			projectDirPath = "";
			projectRoot = "";
			targets = (
				BAB0FAB928536E2D00D79D9E /* ExamenParcial */,
			);
		};
/* End PBXProject section */

/* Begin PBXResourcesBuildPhase section */
		BAB0FAB828536E2D00D79D9E /* Resources */ = {
			isa = PBXResourcesBuildPhase;
			buildActionMask = 2147483647;
			files = (
				BAB0FACA28536E2E00D79D9E /* LaunchScreen.storyboard in Resources */,
				BAB0FAC728536E2E00D79D9E /* Assets.xcassets in Resources */,
				BAB0FAC528536E2D00D79D9E /* Main.storyboard in Resources */,
			);
			runOnlyForDeploymentPostprocessing = 0;
		};
/* End PBXResourcesBuildPhase section */

/* Begin PBXSourcesBuildPhase section */
		BAB0FAB628536E2D00D79D9E /* Sources */ = {
			isa = PBXSourcesBuildPhase;
			buildActionMask = 2147483647;
			files = (
				BAB0FABE28536E2D00D79D9E /* AppDelegate.swift in Sources */,
				BAB0FAC028536E2D00D79D9E /* SceneDelegate.swift in Sources */,
				BAB0FADA28536F2B00D79D9E /* OptionBaseViewController.swift in Sources */,
				BAB0FAD228536E4500D79D9E /* HomeViewController.swift in Sources */,
				BAB0FAD828536E6400D79D9E /* Option3ViewController.swift in Sources */,
				BAB0FAD628536E5B00D79D9E /* Option2ViewController.swift in Sources */,
				BAB0FAD428536E5300D79D9E /* Option1ViewController.swift in Sources */,
			);
			runOnlyForDeploymentPostprocessing = 0;
		};
/* End PBXSourcesBuildPhase section */

/* Begin PBXVariantGroup section */
		BAB0FAC328536E2D00D79D9E /* Main.storyboard */ = {
			isa = PBXVariantGroup;
			children = (
				BAB0FAC428536E2D00D79D9E /* Base */,
			);
			name = Main.storyboard;
			sourceTree = "<group>";
		};
		BAB0FAC828536E2E00D79D9E /* LaunchScreen.storyboard */ = {
			isa = PBXVariantGroup;
			children = (
				BAB0FAC928536E2E00D79D9E /* Base */,
			);
			name = LaunchScreen.storyboard;
			sourceTree = "<group>";
		};
/* End PBXVariantGroup section */

/* Begin XCBuildConfiguration section */
		BAB0FACC28536E2E00D79D9E /* Debug */ = {
			isa = XCBuildConfiguration;
			buildSettings = {
				ALWAYS_SEARCH_USER_PATHS = NO;
				CLANG_ANALYZER_NONNULL = YES;
				CLANG_ANALYZER_NUMBER_OBJECT_CONVERSION = YES_AGGRESSIVE;
				CLANG_CXX_LANGUAGE_STANDARD = "gnu++17";
				CLANG_ENABLE_MODULES = YES;
				CLANG_ENABLE_OBJC_ARC = YES;
				CLANG_ENABLE_OBJC_WEAK = YES;
				CLANG_WARN_BLOCK_CAPTURE_AUTORELEASING = YES;
				CLANG_WARN_BOOL_CONVERSION = YES;
				CLANG_WARN_COMMA = YES;
				CLANG_WARN_CONSTANT_CONVERSION = YES;
				CLANG_WARN_DEPRECATED_OBJC_IMPLEMENTATIONS = YES;
				CLANG_WARN_DIRECT_OBJC_ISA_USAGE = YES_ERROR;
				CLANG_WARN_DOCUMENTATION_COMMENTS = YES;
				CLANG_WARN_EMPTY_BODY = YES;
				CLANG_WARN_ENUM_CONVERSION = YES;
				CLANG_WARN_INFINITE_RECURSION = YES;
				CLANG_WARN_INT_CONVERSION = YES;
				CLANG_WARN_NON_LITERAL_NULL_CONVERSION = YES;
				CLANG_WARN_OBJC_IMPLICIT_RETAIN_SELF = YES;
				CLANG_WARN_OBJC_LITERAL_CONVERSION = YES;
				CLANG_WARN_OBJC_ROOT_CLASS = YES_ERROR;
				CLANG_WARN_QUOTED_INCLUDE_IN_FRAMEWORK_HEADER = YES;
				CLANG_WARN_RANGE_LOOP_ANALYSIS = YES;
				CLANG_WARN_STRICT_PROTOTYPES = YES;
				CLANG_WARN_SUSPICIOUS_MOVE = YES;
				CLANG_WARN_UNGUARDED_AVAILABILITY = YES_AGGRESSIVE;
				CLANG_WARN_UNREACHABLE_CODE = YES;
				CLANG_WARN__DUPLICATE_METHOD_MATCH = YES;
				COPY_PHASE_STRIP = NO;
				DEBUG_INFORMATION_FORMAT = dwarf;
				ENABLE_STRICT_OBJC_MSGSEND = YES;
				ENABLE_TESTABILITY = YES;
				GCC_C_LANGUAGE_STANDARD = gnu11;
				GCC_DYNAMIC_NO_PIC = NO;
				GCC_NO_COMMON_BLOCKS = YES;
				GCC_OPTIMIZATION_LEVEL = 0;
				GCC_PREPROCESSOR_DEFINITIONS = (
					"DEBUG=1",
					"$(inherited)",
				);
				GCC_WARN_64_TO_32_BIT_CONVERSION = YES;
				GCC_WARN_ABOUT_RETURN_TYPE = YES_ERROR;
				GCC_WARN_UNDECLARED_SELECTOR = YES;
				GCC_WARN_UNINITIALIZED_AUTOS = YES_AGGRESSIVE;
				GCC_WARN_UNUSED_FUNCTION = YES;
				GCC_WARN_UNUSED_VARIABLE = YES;
				IPHONEOS_DEPLOYMENT_TARGET = 15.5;
				MTL_ENABLE_DEBUG_INFO = INCLUDE_SOURCE;
				MTL_FAST_MATH = YES;
				ONLY_ACTIVE_ARCH = YES;
				SDKROOT = iphoneos;
				SWIFT_ACTIVE_COMPILATION_CONDITIONS = DEBUG;
				SWIFT_OPTIMIZATION_LEVEL = "-Onone";
			};
			name = Debug;
		};
		BAB0FACD28536E2E00D79D9E /* Release */ = {
			isa = XCBuildConfiguration;
			buildSettings = {
				ALWAYS_SEARCH_USER_PATHS = NO;
				CLANG_ANALYZER_NONNULL = YES;
				CLANG_ANALYZER_NUMBER_OBJECT_CONVERSION = YES_AGGRESSIVE;
				CLANG_CXX_LANGUAGE_STANDARD = "gnu++17";
				CLANG_ENABLE_MODULES = YES;
				CLANG_ENABLE_OBJC_ARC = YES;
				CLANG_ENABLE_OBJC_WEAK = YES;
				CLANG_WARN_BLOCK_CAPTURE_AUTORELEASING = YES;
				CLANG_WARN_BOOL_CONVERSION = YES;
				CLANG_WARN_COMMA = YES;
				CLANG_WARN_CONSTANT_CONVERSION = YES;
				CLANG_WARN_DEPRECATED_OBJC_IMPLEMENTATIONS = YES;
				CLANG_WARN_DIRECT_OBJC_ISA_USAGE = YES_ERROR;
				CLANG_WARN_DOCUMENTATION_COMMENTS = YES;
				CLANG_WARN_EMPTY_BODY = YES;
				CLANG_WARN_ENUM_CONVERSION = YES;
				CLANG_WARN_INFINITE_RECURSION = YES;
				CLANG_WARN_INT_CONVERSION = YES;
				CLANG_WARN_NON_LITERAL_NULL_CONVERSION = YES;
				CLANG_WARN_OBJC_IMPLICIT_RETAIN_SELF = YES;
				CLANG_WARN_OBJC_LITERAL_CONVERSION = YES;
				CLANG_WARN_OBJC_ROOT_CLASS = YES_ERROR;
				CLANG_WARN_QUOTED_INCLUDE_IN_FRAMEWORK_HEADER = YES;
				CLANG_WARN_RANGE_LOOP_ANALYSIS = YES;
				CLANG_WARN_STRICT_PROTOTYPES = YES;
				CLANG_WARN_SUSPICIOUS_MOVE = YES;
				CLANG_WARN_UNGUARDED_AVAILABILITY = YES_AGGRESSIVE;
				CLANG_WARN_UNREACHABLE_CODE = YES;
				CLANG_WARN__DUPLICATE_METHOD_MATCH = YES;
				COPY_PHASE_STRIP = NO;
				DEBUG_INFORMATION_FORMAT = "dwarf-with-dsym";
				ENABLE_NS_ASSERTIONS = NO;
				ENABLE_STRICT_OBJC_MSGSEND = YES;
				GCC_C_LANGUAGE_STANDARD = gnu11;
				GCC_NO_COMMON_BLOCKS = YES;
				GCC_WARN_64_TO_32_BIT_CONVERSION = YES;
				GCC_WARN_ABOUT_RETURN_TYPE = YES_ERROR;
				GCC_WARN_UNDECLARED_SELECTOR = YES;
				GCC_WARN_UNINITIALIZED_AUTOS = YES_AGGRESSIVE;
				GCC_WARN_UNUSED_FUNCTION = YES;
				GCC_WARN_UNUSED_VARIABLE = YES;
				IPHONEOS_DEPLOYMENT_TARGET = 15.5;
				MTL_ENABLE_DEBUG_INFO = NO;
				MTL_FAST_MATH = YES;
				SDKROOT = iphoneos;
				SWIFT_COMPILATION_MODE = wholemodule;
				SWIFT_OPTIMIZATION_LEVEL = "-O";
				VALIDATE_PRODUCT = YES;
			};
			name = Release;
		};
		BAB0FACF28536E2E00D79D9E /* Debug */ = {
			isa = XCBuildConfiguration;
			buildSettings = {
				ASSETCATALOG_COMPILER_APPICON_NAME = AppIcon;
				ASSETCATALOG_COMPILER_GLOBAL_ACCENT_COLOR_NAME = AccentColor;
				CODE_SIGN_STYLE = Automatic;
				CURRENT_PROJECT_VERSION = 1;
				GENERATE_INFOPLIST_FILE = YES;
				INFOPLIST_FILE = ExamenParcial/Info.plist;
				INFOPLIST_KEY_UIApplicationSupportsIndirectInputEvents = YES;
				INFOPLIST_KEY_UILaunchStoryboardName = LaunchScreen;
				INFOPLIST_KEY_UIMainStoryboardFile = Main;
				INFOPLIST_KEY_UISupportedInterfaceOrientations_iPad = "UIInterfaceOrientationPortrait UIInterfaceOrientationPortraitUpsideDown UIInterfaceOrientationLandscapeLeft UIInterfaceOrientationLandscapeRight";
				INFOPLIST_KEY_UISupportedInterfaceOrientations_iPhone = "UIInterfaceOrientationPortrait UIInterfaceOrientationLandscapeLeft UIInterfaceOrientationLandscapeRight";
				LD_RUNPATH_SEARCH_PATHS = (
					"$(inherited)",
					"@executable_path/Frameworks",
				);
				MARKETING_VERSION = 1.0;
				PRODUCT_BUNDLE_IDENTIFIER = com.isil.ExamenParcial;
				PRODUCT_NAME = "$(TARGET_NAME)";
				SWIFT_EMIT_LOC_STRINGS = YES;
				SWIFT_VERSION = 5.0;
				TARGETED_DEVICE_FAMILY = "1,2";
			};
			name = Debug;
		};
		BAB0FAD028536E2E00D79D9E /* Release */ = {
			isa = XCBuildConfiguration;
			buildSettings = {
				ASSETCATALOG_COMPILER_APPICON_NAME = AppIcon;
				ASSETCATALOG_COMPILER_GLOBAL_ACCENT_COLOR_NAME = AccentColor;
				CODE_SIGN_STYLE = Automatic;
				CURRENT_PROJECT_VERSION = 1;
				GENERATE_INFOPLIST_FILE = YES;
				INFOPLIST_FILE = ExamenParcial/Info.plist;
				INFOPLIST_KEY_UIApplicationSupportsIndirectInputEvents = YES;
				INFOPLIST_KEY_UILaunchStoryboardName = LaunchScreen;
				INFOPLIST_KEY_UIMainStoryboardFile = Main;
				INFOPLIST_KEY_UISupportedInterfaceOrientations_iPad = "UIInterfaceOrientationPortrait UIInterfaceOrientationPortraitUpsideDown UIInterfaceOrientationLandscapeLeft UIInterfaceOrientationLandscapeRight";
				INFOPLIST_KEY_UISupportedInterfaceOrientations_iPhone = "UIInterfaceOrientationPortrait UIInterfaceOrientationLandscapeLeft UIInterfaceOrientationLandscapeRight";
				LD_RUNPATH_SEARCH_PATHS = (
					"$(inherited)",
					"@executable_path/Frameworks",
				);
				MARKETING_VERSION = 1.0;
				PRODUCT_BUNDLE_IDENTIFIER = com.isil.ExamenParcial;
				PRODUCT_NAME = "$(TARGET_NAME)";
				SWIFT_EMIT_LOC_STRINGS = YES;
				SWIFT_VERSION = 5.0;
				TARGETED_DEVICE_FAMILY = "1,2";
			};
			name = Release;
		};
/* End XCBuildConfiguration section */

/* Begin XCConfigurationList section */
		BAB0FAB528536E2D00D79D9E /* Build configuration list for PBXProject "ExamenParcial" */ = {
			isa = XCConfigurationList;
			buildConfigurations = (
				BAB0FACC28536E2E00D79D9E /* Debug */,
				BAB0FACD28536E2E00D79D9E /* Release */,
			);
			defaultConfigurationIsVisible = 0;
			defaultConfigurationName = Release;
		};
		BAB0FACE28536E2E00D79D9E /* Build configuration list for PBXNativeTarget "ExamenParcial" */ = {
			isa = XCConfigurationList;
			buildConfigurations = (
				BAB0FACF28536E2E00D79D9E /* Debug */,
				BAB0FAD028536E2E00D79D9E /* Release */,
			);
			defaultConfigurationIsVisible = 0;
			defaultConfigurationName = Release;
		};
/* End XCConfigurationList section */
	};
	rootObject = BAB0FAB228536E2D00D79D9E /* Project object */;
}
